// !$*UTF8*$!
{
	archiveVersion = 1;
	classes = {
	};
	objectVersion = 46;
	objects = {

/* Begin PBXBuildFile section */
		91B9EBF41DFE51A60058D05B /* AppDelegate.swift in Sources */ = {isa = PBXBuildFile; fileRef = 91B9EBF31DFE51A60058D05B /* AppDelegate.swift */; };
		91B9EBF61DFE51A60058D05B /* ViewController.swift in Sources */ = {isa = PBXBuildFile; fileRef = 91B9EBF51DFE51A60058D05B /* ViewController.swift */; };
		91B9EBF91DFE51A60058D05B /* Main.storyboard in Resources */ = {isa = PBXBuildFile; fileRef = 91B9EBF71DFE51A60058D05B /* Main.storyboard */; };
		91B9EBFB1DFE51A60058D05B /* Assets.xcassets in Resources */ = {isa = PBXBuildFile; fileRef = 91B9EBFA1DFE51A60058D05B /* Assets.xcassets */; };
		91B9EBFE1DFE51A60058D05B /* LaunchScreen.storyboard in Resources */ = {isa = PBXBuildFile; fileRef = 91B9EBFC1DFE51A60058D05B /* LaunchScreen.storyboard */; };
/* End PBXBuildFile section */

/* Begin PBXFileReference section */
		91B9EBF01DFE51A60058D05B /* WeBoard.app */ = {isa = PBXFileReference; explicitFileType = wrapper.application; includeInIndex = 0; path = WeBoard.app; sourceTree = BUILT_PRODUCTS_DIR; };
		91B9EBF31DFE51A60058D05B /* AppDelegate.swift */ = {isa = PBXFileReference; lastKnownFileType = sourcecode.swift; path = AppDelegate.swift; sourceTree = "<group>"; };
		91B9EBF51DFE51A60058D05B /* ViewController.swift */ = {isa = PBXFileReference; lastKnownFileType = sourcecode.swift; path = ViewController.swift; sourceTree = "<group>"; };
		91B9EBF81DFE51A60058D05B /* Base */ = {isa = PBXFileReference; lastKnownFileType = file.storyboard; name = Base; path = Base.lproj/Main.storyboard; sourceTree = "<group>"; };
		91B9EBFA1DFE51A60058D05B /* Assets.xcassets */ = {isa = PBXFileReference; lastKnownFileType = folder.assetcatalog; path = Assets.xcassets; sourceTree = "<group>"; };
		91B9EBFD1DFE51A60058D05B /* Base */ = {isa = PBXFileReference; lastKnownFileType = file.storyboard; name = Base; path = Base.lproj/LaunchScreen.storyboard; sourceTree = "<group>"; };
		91B9EBFF1DFE51A60058D05B /* Info.plist */ = {isa = PBXFileReference; lastKnownFileType = text.plist.xml; path = Info.plist; sourceTree = "<group>"; };
/* End PBXFileReference section */

/* Begin PBXFrameworksBuildPhase section */
		91B9EBED1DFE51A60058D05B /* Frameworks */ = {
			isa = PBXFrameworksBuildPhase;
			buildActionMask = 2147483647;
			files = (
			);
			runOnlyForDeploymentPostprocessing = 0;
		};
/* End PBXFrameworksBuildPhase section */

/* Begin PBXGroup section */
		91B9EBE71DFE51A60058D05B = {
			isa = PBXGroup;
			children = (
				91B9EBF21DFE51A60058D05B /* WeBoard */,
				91B9EBF11DFE51A60058D05B /* Products */,
			);
			sourceTree = "<group>";
		};
		91B9EBF11DFE51A60058D05B /* Products */ = {
			isa = PBXGroup;
			children = (
				91B9EBF01DFE51A60058D05B /* WeBoard.app */,
			);
			name = Products;
			sourceTree = "<group>";
		};
		91B9EBF21DFE51A60058D05B /* WeBoard */ = {
			isa = PBXGroup;
			children = (
				91B9EBF31DFE51A60058D05B /* AppDelegate.swift */,
				91B9EBF51DFE51A60058D05B /* ViewController.swift */,
				91B9EBF71DFE51A60058D05B /* Main.storyboard */,
				91B9EBFA1DFE51A60058D05B /* Assets.xcassets */,
				91B9EBFC1DFE51A60058D05B /* LaunchScreen.storyboard */,
				91B9EBFF1DFE51A60058D05B /* Info.plist */,
			);
			path = WeBoard;
			sourceTree = "<group>";
		};
/* End PBXGroup section */

/* Begin PBXNativeTarget section */
		91B9EBEF1DFE51A60058D05B /* WeBoard */ = {
			isa = PBXNativeTarget;
			buildConfigurationList = 91B9EC021DFE51A60058D05B /* Build configuration list for PBXNativeTarget "WeBoard" */;
			buildPhases = (
				91B9EBEC1DFE51A60058D05B /* Sources */,
				91B9EBED1DFE51A60058D05B /* Frameworks */,
				91B9EBEE1DFE51A60058D05B /* Resources */,
			);
			buildRules = (
			);
			dependencies = (
			);
			name = WeBoard;
			productName = WeBoard;
			productReference = 91B9EBF01DFE51A60058D05B /* WeBoard.app */;
			productType = "com.apple.product-type.application";
		};
/* End PBXNativeTarget section */

/* Begin PBXProject section */
		91B9EBE81DFE51A60058D05B /* Project object */ = {
			isa = PBXProject;
			attributes = {
				LastSwiftUpdateCheck = 0810;
				LastUpgradeCheck = 0810;
				ORGANIZATIONNAME = "赛峰 施";
				TargetAttributes = {
					91B9EBEF1DFE51A60058D05B = {
						CreatedOnToolsVersion = 8.1;
						ProvisioningStyle = Automatic;
					};
				};
			};
			buildConfigurationList = 91B9EBEB1DFE51A60058D05B /* Build configuration list for PBXProject "WeBoard" */;
			compatibilityVersion = "Xcode 3.2";
			developmentRegion = English;
			hasScannedForEncodings = 0;
			knownRegions = (
				en,
				Base,
			);
			mainGroup = 91B9EBE71DFE51A60058D05B;
			productRefGroup = 91B9EBF11DFE51A60058D05B /* Products */;
			projectDirPath = "";
			projectRoot = "";
			targets = (
				91B9EBEF1DFE51A60058D05B /* WeBoard */,
			);
		};
/* End PBXProject section */

/* Begin PBXResourcesBuildPhase section */
		91B9EBEE1DFE51A60058D05B /* Resources */ = {
			isa = PBXResourcesBuildPhase;
			buildActionMask = 2147483647;
			files = (
				91B9EBFE1DFE51A60058D05B /* LaunchScreen.storyboard in Resources */,
				91B9EBFB1DFE51A60058D05B /* Assets.xcassets in Resources */,
				91B9EBF91DFE51A60058D05B /* Main.storyboard in Resources */,
			);
			runOnlyForDeploymentPostprocessing = 0;
		};
/* End PBXResourcesBuildPhase section */

/* Begin PBXSourcesBuildPhase section */
		91B9EBEC1DFE51A60058D05B /* Sources */ = {
			isa = PBXSourcesBuildPhase;
			buildActionMask = 2147483647;
			files = (
				91B9EBF61DFE51A60058D05B /* ViewController.swift in Sources */,
				91B9EBF41DFE51A60058D05B /* AppDelegate.swift in Sources */,
			);
			runOnlyForDeploymentPostprocessing = 0;
		};
/* End PBXSourcesBuildPhase section */

/* Begin PBXVariantGroup section */
		91B9EBF71DFE51A60058D05B /* Main.storyboard */ = {
			isa = PBXVariantGroup;
			children = (
				91B9EBF81DFE51A60058D05B /* Base */,
			);
			name = Main.storyboard;
			sourceTree = "<group>";
		};
		91B9EBFC1DFE51A60058D05B /* LaunchScreen.storyboard */ = {
			isa = PBXVariantGroup;
			children = (
				91B9EBFD1DFE51A60058D05B /* Base */,
			);
			name = LaunchScreen.storyboard;
			sourceTree = "<group>";
		};
/* End PBXVariantGroup section */

/* Begin XCBuildConfiguration section */
		91B9EC001DFE51A60058D05B /* Debug */ = {
			isa = XCBuildConfiguration;
			buildSettings = {
				ALWAYS_SEARCH_USER_PATHS = NO;
				CLANG_ANALYZER_NONNULL = YES;
				CLANG_CXX_LANGUAGE_STANDARD = "gnu++0x";
				CLANG_CXX_LIBRARY = "libc++";
				CLANG_ENABLE_MODULES = YES;
				CLANG_ENABLE_OBJC_ARC = YES;
				CLANG_WARN_BOOL_CONVERSION = YES;
				CLANG_WARN_CONSTANT_CONVERSION = YES;
				CLANG_WARN_DIRECT_OBJC_ISA_USAGE = YES_ERROR;
				CLANG_WARN_DOCUMENTATION_COMMENTS = YES;
				CLANG_WARN_EMPTY_BODY = YES;
				CLANG_WARN_ENUM_CONVERSION = YES;
				CLANG_WARN_INFINITE_RECURSION = YES;
				CLANG_WARN_INT_CONVERSION = YES;
				CLANG_WARN_OBJC_ROOT_CLASS = YES_ERROR;
				CLANG_WARN_SUSPICIOUS_MOVES = YES;
				CLANG_WARN_UNREACHABLE_CODE = YES;
				CLANG_WARN__DUPLICATE_METHOD_MATCH = YES;
				"CODE_SIGN_IDENTITY[sdk=iphoneos*]" = "iPhone Developer";
				COPY_PHASE_STRIP = NO;
				DEBUG_INFORMATION_FORMAT = dwarf;
				ENABLE_STRICT_OBJC_MSGSEND = YES;
				ENABLE_TESTABILITY = YES;
				GCC_C_LANGUAGE_STANDARD = gnu99;
				GCC_DYNAMIC_NO_PIC = NO;
				GCC_NO_COMMON_BLOCKS = YES;
				GCC_OPTIMIZATION_LEVEL = 0;
				GCC_PREPROCESSOR_DEFINITIONS = (
					"DEBUG=1",
					"$(inherited)",
				);
				GCC_WARN_64_TO_32_BIT_CONVERSION = YES;
				GCC_WARN_ABOUT_RETURN_TYPE = YES_ERROR;
				GCC_WARN_UNDECLARED_SELECTOR = YES;
				GCC_WARN_UNINITIALIZED_AUTOS = YES_AGGRESSIVE;
				GCC_WARN_UNUSED_FUNCTION = YES;
				GCC_WARN_UNUSED_VARIABLE = YES;
				IPHONEOS_DEPLOYMENT_TARGET = 10.1;
				MTL_ENABLE_DEBUG_INFO = YES;
				ONLY_ACTIVE_ARCH = YES;
				SDKROOT = iphoneos;
				SWIFT_ACTIVE_COMPILATION_CONDITIONS = DEBUG;
				SWIFT_OPTIMIZATION_LEVEL = "-Onone";
				TARGETED_DEVICE_FAMILY = "1,2";
			};
			name = Debug;
		};
		91B9EC011DFE51A60058D05B /* Release */ = {
			isa = XCBuildConfiguration;
			buildSettings = {
				ALWAYS_SEARCH_USER_PATHS = NO;
				CLANG_ANALYZER_NONNULL = YES;
				CLANG_CXX_LANGUAGE_STANDARD = "gnu++0x";
				CLANG_CXX_LIBRARY = "libc++";
				CLANG_ENABLE_MODULES = YES;
				CLANG_ENABLE_OBJC_ARC = YES;
				CLANG_WARN_BOOL_CONVERSION = YES;
				CLANG_WARN_CONSTANT_CONVERSION = YES;
				CLANG_WARN_DIRECT_OBJC_ISA_USAGE = YES_ERROR;
				CLANG_WARN_DOCUMENTATION_COMMENTS = YES;
				CLANG_WARN_EMPTY_BODY = YES;
				CLANG_WARN_ENUM_CONVERSION = YES;
				CLANG_WARN_INFINITE_RECURSION = YES;
				CLANG_WARN_INT_CONVERSION = YES;
				CLANG_WARN_OBJC_ROOT_CLASS = YES_ERROR;
				CLANG_WARN_SUSPICIOUS_MOVES = YES;
				CLANG_WARN_UNREACHABLE_CODE = YES;
				CLANG_WARN__DUPLICATE_METHOD_MATCH = YES;
				"CODE_SIGN_IDENTITY[sdk=iphoneos*]" = "iPhone Developer";
				COPY_PHASE_STRIP = NO;
				DEBUG_INFORMATION_FORMAT = "dwarf-with-dsym";
				ENABLE_NS_ASSERTIONS = NO;
				ENABLE_STRICT_OBJC_MSGSEND = YES;
				GCC_C_LANGUAGE_STANDARD = gnu99;
				GCC_NO_COMMON_BLOCKS = YES;
				GCC_WARN_64_TO_32_BIT_CONVERSION = YES;
				GCC_WARN_ABOUT_RETURN_TYPE = YES_ERROR;
				GCC_WARN_UNDECLARED_SELECTOR = YES;
				GCC_WARN_UNINITIALIZED_AUTOS = YES_AGGRESSIVE;
				GCC_WARN_UNUSED_FUNCTION = YES;
				GCC_WARN_UNUSED_VARIABLE = YES;
				IPHONEOS_DEPLOYMENT_TARGET = 10.1;
				MTL_ENABLE_DEBUG_INFO = NO;
				SDKROOT = iphoneos;
				SWIFT_OPTIMIZATION_LEVEL = "-Owholemodule";
				TARGETED_DEVICE_FAMILY = "1,2";
				VALIDATE_PRODUCT = YES;
			};
			name = Release;
		};
		91B9EC031DFE51A60058D05B /* Debug */ = {
			isa = XCBuildConfiguration;
			buildSettings = {
				ASSETCATALOG_COMPILER_APPICON_NAME = AppIcon;
				INFOPLIST_FILE = WeBoard/Info.plist;
				LD_RUNPATH_SEARCH_PATHS = "$(inherited) @executable_path/Frameworks";
				PRODUCT_BUNDLE_IDENTIFIER = com.ssf.WeBoard;
				PRODUCT_NAME = "$(TARGET_NAME)";
				SWIFT_VERSION = 3.0;
			};
			name = Debug;
		};
		91B9EC041DFE51A60058D05B /* Release */ = {
			isa = XCBuildConfiguration;
			buildSettings = {
				ASSETCATALOG_COMPILER_APPICON_NAME = AppIcon;
				INFOPLIST_FILE = WeBoard/Info.plist;
				LD_RUNPATH_SEARCH_PATHS = "$(inherited) @executable_path/Frameworks";
				PRODUCT_BUNDLE_IDENTIFIER = com.ssf.WeBoard;
				PRODUCT_NAME = "$(TARGET_NAME)";
				SWIFT_VERSION = 3.0;
			};
			name = Release;
		};
/* End XCBuildConfiguration section */

/* Begin XCConfigurationList section */
		91B9EBEB1DFE51A60058D05B /* Build configuration list for PBXProject "WeBoard" */ = {
			isa = XCConfigurationList;
			buildConfigurations = (
				91B9EC001DFE51A60058D05B /* Debug */,
				91B9EC011DFE51A60058D05B /* Release */,
			);
			defaultConfigurationIsVisible = 0;
			defaultConfigurationName = Release;
		};
		91B9EC021DFE51A60058D05B /* Build configuration list for PBXNativeTarget "WeBoard" */ = {
			isa = XCConfigurationList;
			buildConfigurations = (
				91B9EC031DFE51A60058D05B /* Debug */,
				91B9EC041DFE51A60058D05B /* Release */,
			);
			defaultConfigurationIsVisible = 0;
		};
/* End XCConfigurationList section */
	};
	rootObject = 91B9EBE81DFE51A60058D05B /* Project object */;
}
