// !$*UTF8*$!
{
	archiveVersion = 1;
	classes = {
	};
	objectVersion = 46;
	objects = {

/* Begin PBXBuildFile section */
		91199CDA1E26080100FAB992 /* RoundButton.swift in Sources */ = {isa = PBXBuildFile; fileRef = 91199CD91E26080100FAB992 /* RoundButton.swift */; };
		91199CDC1E262E0400FAB992 /* SSFElementView.swift in Sources */ = {isa = PBXBuildFile; fileRef = 91199CDB1E262E0400FAB992 /* SSFElementView.swift */; };
		91199CDE1E26308900FAB992 /* Constant.swift in Sources */ = {isa = PBXBuildFile; fileRef = 91199CDD1E26308900FAB992 /* Constant.swift */; };
		91199CE01E27293200FAB992 /* SSFBackgroundCollectionViewController.swift in Sources */ = {isa = PBXBuildFile; fileRef = 91199CDF1E27293200FAB992 /* SSFBackgroundCollectionViewController.swift */; };
		91199CE21E276E7400FAB992 /* SSFRecorder.swift in Sources */ = {isa = PBXBuildFile; fileRef = 91199CE11E276E7400FAB992 /* SSFRecorder.swift */; };
		91199CE41E2791F800FAB992 /* DirectoryPath.swift in Sources */ = {isa = PBXBuildFile; fileRef = 91199CE31E2791F800FAB992 /* DirectoryPath.swift */; };
		91199CE61E2881C400FAB992 /* SSFLineAndPoint.swift in Sources */ = {isa = PBXBuildFile; fileRef = 91199CE51E2881C400FAB992 /* SSFLineAndPoint.swift */; };
		91199CEA1E28B7B600FAB992 /* ScreenShot.swift in Sources */ = {isa = PBXBuildFile; fileRef = 91199CE91E28B7B600FAB992 /* ScreenShot.swift */; };
		91199CF01E49B91300FAB992 /* SSFWeBoard.swift in Sources */ = {isa = PBXBuildFile; fileRef = 91199CEF1E49B91300FAB992 /* SSFWeBoard.swift */; };
		91199CF51E4C40C900FAB992 /* RecordPathProtocol.swift in Sources */ = {isa = PBXBuildFile; fileRef = 91199CF41E4C40C900FAB992 /* RecordPathProtocol.swift */; };
		91199CF71E4C49EC00FAB992 /* SSFPlayerViewController.swift in Sources */ = {isa = PBXBuildFile; fileRef = 91199CF61E4C49EC00FAB992 /* SSFPlayerViewController.swift */; };
		91199CF91E4C533000FAB992 /* SSFPlayer.swift in Sources */ = {isa = PBXBuildFile; fileRef = 91199CF81E4C533000FAB992 /* SSFPlayer.swift */; };
		91199CFB1E51A08700FAB992 /* ColorDescriptionProtocol.swift in Sources */ = {isa = PBXBuildFile; fileRef = 91199CFA1E51A08700FAB992 /* ColorDescriptionProtocol.swift */; };
		91199D041E56A3DF00FAB992 /* play.gif in Resources */ = {isa = PBXBuildFile; fileRef = 91199D021E56A3DF00FAB992 /* play.gif */; };
		91199D051E56A3DF00FAB992 /* record.gif in Resources */ = {isa = PBXBuildFile; fileRef = 91199D031E56A3DF00FAB992 /* record.gif */; };
		917B212F1E8CE7A50058114E /* Alamofire.framework in Frameworks */ = {isa = PBXBuildFile; fileRef = 917B212E1E8CE7A50058114E /* Alamofire.framework */; };
		917B21321E8E597B0058114E /* NetWorkResource.swift in Sources */ = {isa = PBXBuildFile; fileRef = 917B21311E8E597B0058114E /* NetWorkResource.swift */; };
		91B9EBF41DFE51A60058D05B /* AppDelegate.swift in Sources */ = {isa = PBXBuildFile; fileRef = 91B9EBF31DFE51A60058D05B /* AppDelegate.swift */; };
		91B9EBF91DFE51A60058D05B /* Main.storyboard in Resources */ = {isa = PBXBuildFile; fileRef = 91B9EBF71DFE51A60058D05B /* Main.storyboard */; };
		91B9EBFB1DFE51A60058D05B /* Assets.xcassets in Resources */ = {isa = PBXBuildFile; fileRef = 91B9EBFA1DFE51A60058D05B /* Assets.xcassets */; };
		91B9EBFE1DFE51A60058D05B /* LaunchScreen.storyboard in Resources */ = {isa = PBXBuildFile; fileRef = 91B9EBFC1DFE51A60058D05B /* LaunchScreen.storyboard */; };
		91B9EC0C1DFE9EEA0058D05B /* FIFOQueue.swift in Sources */ = {isa = PBXBuildFile; fileRef = 91B9EC081DFE9EEA0058D05B /* FIFOQueue.swift */; };
		91B9EC0D1DFE9EEA0058D05B /* SwiftNotice.swift in Sources */ = {isa = PBXBuildFile; fileRef = 91B9EC091DFE9EEA0058D05B /* SwiftNotice.swift */; };
		91B9EC0E1DFE9EEA0058D05B /* Utility.swift in Sources */ = {isa = PBXBuildFile; fileRef = 91B9EC0A1DFE9EEA0058D05B /* Utility.swift */; };
		91B9EC131DFEA22A0058D05B /* SSFMainCollectionViewController.swift in Sources */ = {isa = PBXBuildFile; fileRef = 91B9EC121DFEA22A0058D05B /* SSFMainCollectionViewController.swift */; };
		91B9EC151DFEA3560058D05B /* MainCollectionViewCell.swift in Sources */ = {isa = PBXBuildFile; fileRef = 91B9EC141DFEA3560058D05B /* MainCollectionViewCell.swift */; };
		91C9ADD51E81121300978E14 /* ResultDescription.swift in Sources */ = {isa = PBXBuildFile; fileRef = 91C9ADD41E81121300978E14 /* ResultDescription.swift */; };
		91C9ADD71E88C5C200978E14 /* TransformationPensAndJsonProtocol.swift in Sources */ = {isa = PBXBuildFile; fileRef = 91C9ADD61E88C5C200978E14 /* TransformationPensAndJsonProtocol.swift */; };
		91E2ACA81E08CDDE00EF9A0D /* SSFRecordViewController.swift in Sources */ = {isa = PBXBuildFile; fileRef = 91E2ACA71E08CDDE00EF9A0D /* SSFRecordViewController.swift */; };
		91E2ACAC1E08FFE500EF9A0D /* RotateNavigationViewController.swift in Sources */ = {isa = PBXBuildFile; fileRef = 91E2ACAB1E08FFE500EF9A0D /* RotateNavigationViewController.swift */; };
		91E2ACAE1E09051900EF9A0D /* SSFCanvasView.swift in Sources */ = {isa = PBXBuildFile; fileRef = 91E2ACAD1E09051900EF9A0D /* SSFCanvasView.swift */; };
/* End PBXBuildFile section */

/* Begin PBXFileReference section */
		91199CD91E26080100FAB992 /* RoundButton.swift */ = {isa = PBXFileReference; fileEncoding = 4; lastKnownFileType = sourcecode.swift; path = RoundButton.swift; sourceTree = "<group>"; };
		91199CDB1E262E0400FAB992 /* SSFElementView.swift */ = {isa = PBXFileReference; fileEncoding = 4; lastKnownFileType = sourcecode.swift; path = SSFElementView.swift; sourceTree = "<group>"; };
		91199CDD1E26308900FAB992 /* Constant.swift */ = {isa = PBXFileReference; fileEncoding = 4; lastKnownFileType = sourcecode.swift; path = Constant.swift; sourceTree = "<group>"; };
		91199CDF1E27293200FAB992 /* SSFBackgroundCollectionViewController.swift */ = {isa = PBXFileReference; fileEncoding = 4; lastKnownFileType = sourcecode.swift; path = SSFBackgroundCollectionViewController.swift; sourceTree = "<group>"; };
		91199CE11E276E7400FAB992 /* SSFRecorder.swift */ = {isa = PBXFileReference; fileEncoding = 4; lastKnownFileType = sourcecode.swift; path = SSFRecorder.swift; sourceTree = "<group>"; };
		91199CE31E2791F800FAB992 /* DirectoryPath.swift */ = {isa = PBXFileReference; fileEncoding = 4; lastKnownFileType = sourcecode.swift; path = DirectoryPath.swift; sourceTree = "<group>"; };
		91199CE51E2881C400FAB992 /* SSFLineAndPoint.swift */ = {isa = PBXFileReference; fileEncoding = 4; lastKnownFileType = sourcecode.swift; path = SSFLineAndPoint.swift; sourceTree = "<group>"; };
		91199CE91E28B7B600FAB992 /* ScreenShot.swift */ = {isa = PBXFileReference; fileEncoding = 4; lastKnownFileType = sourcecode.swift; path = ScreenShot.swift; sourceTree = "<group>"; };
		91199CEF1E49B91300FAB992 /* SSFWeBoard.swift */ = {isa = PBXFileReference; fileEncoding = 4; lastKnownFileType = sourcecode.swift; path = SSFWeBoard.swift; sourceTree = "<group>"; };
		91199CF41E4C40C900FAB992 /* RecordPathProtocol.swift */ = {isa = PBXFileReference; fileEncoding = 4; lastKnownFileType = sourcecode.swift; path = RecordPathProtocol.swift; sourceTree = "<group>"; };
		91199CF61E4C49EC00FAB992 /* SSFPlayerViewController.swift */ = {isa = PBXFileReference; fileEncoding = 4; lastKnownFileType = sourcecode.swift; path = SSFPlayerViewController.swift; sourceTree = "<group>"; };
		91199CF81E4C533000FAB992 /* SSFPlayer.swift */ = {isa = PBXFileReference; fileEncoding = 4; lastKnownFileType = sourcecode.swift; path = SSFPlayer.swift; sourceTree = "<group>"; };
		91199CFA1E51A08700FAB992 /* ColorDescriptionProtocol.swift */ = {isa = PBXFileReference; fileEncoding = 4; lastKnownFileType = sourcecode.swift; path = ColorDescriptionProtocol.swift; sourceTree = "<group>"; };
		91199D021E56A3DF00FAB992 /* play.gif */ = {isa = PBXFileReference; lastKnownFileType = image.gif; path = play.gif; sourceTree = "<group>"; };
		91199D031E56A3DF00FAB992 /* record.gif */ = {isa = PBXFileReference; lastKnownFileType = image.gif; path = record.gif; sourceTree = "<group>"; };
		917B212E1E8CE7A50058114E /* Alamofire.framework */ = {isa = PBXFileReference; lastKnownFileType = wrapper.framework; name = Alamofire.framework; path = Carthage/Build/iOS/Alamofire.framework; sourceTree = "<group>"; };
		917B21311E8E597B0058114E /* NetWorkResource.swift */ = {isa = PBXFileReference; fileEncoding = 4; lastKnownFileType = sourcecode.swift; path = NetWorkResource.swift; sourceTree = "<group>"; };
		91B9EBF01DFE51A60058D05B /* WeBoard.app */ = {isa = PBXFileReference; explicitFileType = wrapper.application; includeInIndex = 0; path = WeBoard.app; sourceTree = BUILT_PRODUCTS_DIR; };
		91B9EBF31DFE51A60058D05B /* AppDelegate.swift */ = {isa = PBXFileReference; lastKnownFileType = sourcecode.swift; path = AppDelegate.swift; sourceTree = "<group>"; };
		91B9EBF81DFE51A60058D05B /* Base */ = {isa = PBXFileReference; lastKnownFileType = file.storyboard; name = Base; path = Base.lproj/Main.storyboard; sourceTree = "<group>"; };
		91B9EBFA1DFE51A60058D05B /* Assets.xcassets */ = {isa = PBXFileReference; lastKnownFileType = folder.assetcatalog; path = Assets.xcassets; sourceTree = "<group>"; };
		91B9EBFD1DFE51A60058D05B /* Base */ = {isa = PBXFileReference; lastKnownFileType = file.storyboard; name = Base; path = Base.lproj/LaunchScreen.storyboard; sourceTree = "<group>"; };
		91B9EBFF1DFE51A60058D05B /* Info.plist */ = {isa = PBXFileReference; lastKnownFileType = text.plist.xml; path = Info.plist; sourceTree = "<group>"; };
		91B9EC081DFE9EEA0058D05B /* FIFOQueue.swift */ = {isa = PBXFileReference; fileEncoding = 4; lastKnownFileType = sourcecode.swift; path = FIFOQueue.swift; sourceTree = "<group>"; };
		91B9EC091DFE9EEA0058D05B /* SwiftNotice.swift */ = {isa = PBXFileReference; fileEncoding = 4; lastKnownFileType = sourcecode.swift; path = SwiftNotice.swift; sourceTree = "<group>"; };
		91B9EC0A1DFE9EEA0058D05B /* Utility.swift */ = {isa = PBXFileReference; fileEncoding = 4; lastKnownFileType = sourcecode.swift; path = Utility.swift; sourceTree = "<group>"; };
		91B9EC121DFEA22A0058D05B /* SSFMainCollectionViewController.swift */ = {isa = PBXFileReference; fileEncoding = 4; lastKnownFileType = sourcecode.swift; path = SSFMainCollectionViewController.swift; sourceTree = "<group>"; };
		91B9EC141DFEA3560058D05B /* MainCollectionViewCell.swift */ = {isa = PBXFileReference; fileEncoding = 4; lastKnownFileType = sourcecode.swift; path = MainCollectionViewCell.swift; sourceTree = "<group>"; };
		91B9EC1E1DFEAD070058D05B /* WeBoard-Bridging-Header.h */ = {isa = PBXFileReference; lastKnownFileType = sourcecode.c.h; path = "WeBoard-Bridging-Header.h"; sourceTree = "<group>"; };
		91C9ADD41E81121300978E14 /* ResultDescription.swift */ = {isa = PBXFileReference; fileEncoding = 4; lastKnownFileType = sourcecode.swift; path = ResultDescription.swift; sourceTree = "<group>"; };
		91C9ADD61E88C5C200978E14 /* TransformationPensAndJsonProtocol.swift */ = {isa = PBXFileReference; fileEncoding = 4; lastKnownFileType = sourcecode.swift; path = TransformationPensAndJsonProtocol.swift; sourceTree = "<group>"; };
		91E2ACA71E08CDDE00EF9A0D /* SSFRecordViewController.swift */ = {isa = PBXFileReference; fileEncoding = 4; lastKnownFileType = sourcecode.swift; path = SSFRecordViewController.swift; sourceTree = "<group>"; };
		91E2ACAB1E08FFE500EF9A0D /* RotateNavigationViewController.swift */ = {isa = PBXFileReference; fileEncoding = 4; lastKnownFileType = sourcecode.swift; path = RotateNavigationViewController.swift; sourceTree = "<group>"; };
		91E2ACAD1E09051900EF9A0D /* SSFCanvasView.swift */ = {isa = PBXFileReference; fileEncoding = 4; lastKnownFileType = sourcecode.swift; path = SSFCanvasView.swift; sourceTree = "<group>"; };
/* End PBXFileReference section */

/* Begin PBXFrameworksBuildPhase section */
		91B9EBED1DFE51A60058D05B /* Frameworks */ = {
			isa = PBXFrameworksBuildPhase;
			buildActionMask = 2147483647;
			files = (
				917B212F1E8CE7A50058114E /* Alamofire.framework in Frameworks */,
			);
			runOnlyForDeploymentPostprocessing = 0;
		};
/* End PBXFrameworksBuildPhase section */

/* Begin PBXGroup section */
		91199CF31E4C40C900FAB992 /* Protocol */ = {
			isa = PBXGroup;
			children = (
				91199CF41E4C40C900FAB992 /* RecordPathProtocol.swift */,
				91199CFA1E51A08700FAB992 /* ColorDescriptionProtocol.swift */,
				91C9ADD61E88C5C200978E14 /* TransformationPensAndJsonProtocol.swift */,
			);
			path = Protocol;
			sourceTree = "<group>";
		};
		917B212D1E8CE7A40058114E /* Frameworks */ = {
			isa = PBXGroup;
			children = (
				917B212E1E8CE7A50058114E /* Alamofire.framework */,
			);
			name = Frameworks;
			sourceTree = "<group>";
		};
		91B9EBE71DFE51A60058D05B = {
			isa = PBXGroup;
			children = (
				91B9EBF21DFE51A60058D05B /* WeBoard */,
				91B9EBF11DFE51A60058D05B /* Products */,
				917B212D1E8CE7A40058114E /* Frameworks */,
			);
			sourceTree = "<group>";
		};
		91B9EBF11DFE51A60058D05B /* Products */ = {
			isa = PBXGroup;
			children = (
				91B9EBF01DFE51A60058D05B /* WeBoard.app */,
			);
			name = Products;
			sourceTree = "<group>";
		};
		91B9EBF21DFE51A60058D05B /* WeBoard */ = {
			isa = PBXGroup;
			children = (
				91B9EC0B1DFE9EEA0058D05B /* Main */,
				91B9EC061DFE9EEA0058D05B /* Expand */,
				91B9EC051DFE82150058D05B /* Supportting */,
			);
			path = WeBoard;
			sourceTree = "<group>";
		};
		91B9EC051DFE82150058D05B /* Supportting */ = {
			isa = PBXGroup;
			children = (
				91199D021E56A3DF00FAB992 /* play.gif */,
				91199D031E56A3DF00FAB992 /* record.gif */,
				91B9EBF31DFE51A60058D05B /* AppDelegate.swift */,
				91B9EBFA1DFE51A60058D05B /* Assets.xcassets */,
				91B9EBFC1DFE51A60058D05B /* LaunchScreen.storyboard */,
				91B9EBFF1DFE51A60058D05B /* Info.plist */,
				91B9EC1E1DFEAD070058D05B /* WeBoard-Bridging-Header.h */,
			);
			name = Supportting;
			sourceTree = "<group>";
		};
		91B9EC061DFE9EEA0058D05B /* Expand */ = {
			isa = PBXGroup;
			children = (
				91B9EC071DFE9EEA0058D05B /* Utility */,
				91199CDD1E26308900FAB992 /* Constant.swift */,
				917B21311E8E597B0058114E /* NetWorkResource.swift */,
			);
			path = Expand;
			sourceTree = "<group>";
		};
		91B9EC071DFE9EEA0058D05B /* Utility */ = {
			isa = PBXGroup;
			children = (
				91B9EC081DFE9EEA0058D05B /* FIFOQueue.swift */,
				91B9EC091DFE9EEA0058D05B /* SwiftNotice.swift */,
				91B9EC0A1DFE9EEA0058D05B /* Utility.swift */,
				91199CE31E2791F800FAB992 /* DirectoryPath.swift */,
				91199CE91E28B7B600FAB992 /* ScreenShot.swift */,
				91C9ADD41E81121300978E14 /* ResultDescription.swift */,
			);
			path = Utility;
			sourceTree = "<group>";
		};
		91B9EC0B1DFE9EEA0058D05B /* Main */ = {
			isa = PBXGroup;
			children = (
				91B9EC101DFEA1F50058D05B /* Model */,
				91B9EC111DFEA1F50058D05B /* View */,
				91B9EC0F1DFEA1F50058D05B /* Controller */,
			);
			path = Main;
			sourceTree = "<group>";
		};
		91B9EC0F1DFEA1F50058D05B /* Controller */ = {
			isa = PBXGroup;
			children = (
				91B9EC121DFEA22A0058D05B /* SSFMainCollectionViewController.swift */,
				91E2ACA71E08CDDE00EF9A0D /* SSFRecordViewController.swift */,
				91E2ACAB1E08FFE500EF9A0D /* RotateNavigationViewController.swift */,
				91199CDF1E27293200FAB992 /* SSFBackgroundCollectionViewController.swift */,
				91199CF61E4C49EC00FAB992 /* SSFPlayerViewController.swift */,
			);
			path = Controller;
			sourceTree = "<group>";
		};
		91B9EC101DFEA1F50058D05B /* Model */ = {
			isa = PBXGroup;
			children = (
				91199CF31E4C40C900FAB992 /* Protocol */,
				91199CE11E276E7400FAB992 /* SSFRecorder.swift */,
				91199CF81E4C533000FAB992 /* SSFPlayer.swift */,
				91199CE51E2881C400FAB992 /* SSFLineAndPoint.swift */,
				91199CEF1E49B91300FAB992 /* SSFWeBoard.swift */,
			);
			path = Model;
			sourceTree = "<group>";
		};
		91B9EC111DFEA1F50058D05B /* View */ = {
			isa = PBXGroup;
			children = (
				91B9EBF71DFE51A60058D05B /* Main.storyboard */,
				91B9EC141DFEA3560058D05B /* MainCollectionViewCell.swift */,
				91E2ACAD1E09051900EF9A0D /* SSFCanvasView.swift */,
				91199CD91E26080100FAB992 /* RoundButton.swift */,
				91199CDB1E262E0400FAB992 /* SSFElementView.swift */,
			);
			path = View;
			sourceTree = "<group>";
		};
/* End PBXGroup section */

/* Begin PBXNativeTarget section */
		91B9EBEF1DFE51A60058D05B /* WeBoard */ = {
			isa = PBXNativeTarget;
			buildConfigurationList = 91B9EC021DFE51A60058D05B /* Build configuration list for PBXNativeTarget "WeBoard" */;
			buildPhases = (
				91B9EBEC1DFE51A60058D05B /* Sources */,
				91B9EBED1DFE51A60058D05B /* Frameworks */,
				91B9EBEE1DFE51A60058D05B /* Resources */,
				917B21301E8CE80B0058114E /* ShellScript */,
			);
			buildRules = (
			);
			dependencies = (
			);
			name = WeBoard;
			productName = WeBoard;
			productReference = 91B9EBF01DFE51A60058D05B /* WeBoard.app */;
			productType = "com.apple.product-type.application";
		};
/* End PBXNativeTarget section */

/* Begin PBXProject section */
		91B9EBE81DFE51A60058D05B /* Project object */ = {
			isa = PBXProject;
			attributes = {
				LastSwiftUpdateCheck = 0810;
				LastUpgradeCheck = 0920;
				ORGANIZATIONNAME = "赛峰 施";
				TargetAttributes = {
					91B9EBEF1DFE51A60058D05B = {
						CreatedOnToolsVersion = 8.1;
						DevelopmentTeam = 5E6EZZ7JT4;
						LastSwiftMigration = 0920;
						ProvisioningStyle = Automatic;
					};
				};
			};
			buildConfigurationList = 91B9EBEB1DFE51A60058D05B /* Build configuration list for PBXProject "WeBoard" */;
			compatibilityVersion = "Xcode 3.2";
			developmentRegion = English;
			hasScannedForEncodings = 0;
			knownRegions = (
				en,
				Base,
			);
			mainGroup = 91B9EBE71DFE51A60058D05B;
			productRefGroup = 91B9EBF11DFE51A60058D05B /* Products */;
			projectDirPath = "";
			projectRoot = "";
			targets = (
				91B9EBEF1DFE51A60058D05B /* WeBoard */,
			);
		};
/* End PBXProject section */

/* Begin PBXResourcesBuildPhase section */
		91B9EBEE1DFE51A60058D05B /* Resources */ = {
			isa = PBXResourcesBuildPhase;
			buildActionMask = 2147483647;
			files = (
				91199D051E56A3DF00FAB992 /* record.gif in Resources */,
				91B9EBFE1DFE51A60058D05B /* LaunchScreen.storyboard in Resources */,
				91B9EBFB1DFE51A60058D05B /* Assets.xcassets in Resources */,
				91199D041E56A3DF00FAB992 /* play.gif in Resources */,
				91B9EBF91DFE51A60058D05B /* Main.storyboard in Resources */,
			);
			runOnlyForDeploymentPostprocessing = 0;
		};
/* End PBXResourcesBuildPhase section */

/* Begin PBXShellScriptBuildPhase section */
		917B21301E8CE80B0058114E /* ShellScript */ = {
			isa = PBXShellScriptBuildPhase;
			buildActionMask = 2147483647;
			files = (
			);
			inputPaths = (
				"$(SRCROOT)/Carthage/Build/iOS/Alamofire.framework",
			);
			outputPaths = (
			);
			runOnlyForDeploymentPostprocessing = 0;
			shellPath = /bin/sh;
			shellScript = "/usr/local/bin/carthage copy-frameworks";
		};
/* End PBXShellScriptBuildPhase section */

/* Begin PBXSourcesBuildPhase section */
		91B9EBEC1DFE51A60058D05B /* Sources */ = {
			isa = PBXSourcesBuildPhase;
			buildActionMask = 2147483647;
			files = (
				91199CE41E2791F800FAB992 /* DirectoryPath.swift in Sources */,
				91199CDC1E262E0400FAB992 /* SSFElementView.swift in Sources */,
				91199CFB1E51A08700FAB992 /* ColorDescriptionProtocol.swift in Sources */,
				91199CF01E49B91300FAB992 /* SSFWeBoard.swift in Sources */,
				91E2ACA81E08CDDE00EF9A0D /* SSFRecordViewController.swift in Sources */,
				91199CF71E4C49EC00FAB992 /* SSFPlayerViewController.swift in Sources */,
				91199CEA1E28B7B600FAB992 /* ScreenShot.swift in Sources */,
				91199CF91E4C533000FAB992 /* SSFPlayer.swift in Sources */,
				91E2ACAE1E09051900EF9A0D /* SSFCanvasView.swift in Sources */,
				91B9EC0E1DFE9EEA0058D05B /* Utility.swift in Sources */,
				91B9EC151DFEA3560058D05B /* MainCollectionViewCell.swift in Sources */,
				91B9EC0D1DFE9EEA0058D05B /* SwiftNotice.swift in Sources */,
				91B9EBF41DFE51A60058D05B /* AppDelegate.swift in Sources */,
				91C9ADD51E81121300978E14 /* ResultDescription.swift in Sources */,
				917B21321E8E597B0058114E /* NetWorkResource.swift in Sources */,
				91C9ADD71E88C5C200978E14 /* TransformationPensAndJsonProtocol.swift in Sources */,
				91199CDA1E26080100FAB992 /* RoundButton.swift in Sources */,
				91E2ACAC1E08FFE500EF9A0D /* RotateNavigationViewController.swift in Sources */,
				91199CF51E4C40C900FAB992 /* RecordPathProtocol.swift in Sources */,
				91B9EC131DFEA22A0058D05B /* SSFMainCollectionViewController.swift in Sources */,
				91199CE21E276E7400FAB992 /* SSFRecorder.swift in Sources */,
				91199CE61E2881C400FAB992 /* SSFLineAndPoint.swift in Sources */,
				91B9EC0C1DFE9EEA0058D05B /* FIFOQueue.swift in Sources */,
				91199CE01E27293200FAB992 /* SSFBackgroundCollectionViewController.swift in Sources */,
				91199CDE1E26308900FAB992 /* Constant.swift in Sources */,
			);
			runOnlyForDeploymentPostprocessing = 0;
		};
/* End PBXSourcesBuildPhase section */

/* Begin PBXVariantGroup section */
		91B9EBF71DFE51A60058D05B /* Main.storyboard */ = {
			isa = PBXVariantGroup;
			children = (
				91B9EBF81DFE51A60058D05B /* Base */,
			);
			name = Main.storyboard;
			path = ../..;
			sourceTree = "<group>";
		};
		91B9EBFC1DFE51A60058D05B /* LaunchScreen.storyboard */ = {
			isa = PBXVariantGroup;
			children = (
				91B9EBFD1DFE51A60058D05B /* Base */,
			);
			name = LaunchScreen.storyboard;
			sourceTree = "<group>";
		};
/* End PBXVariantGroup section */

/* Begin XCBuildConfiguration section */
		91199CD51E24C50200FAB992 /* UAT */ = {
			isa = XCBuildConfiguration;
			buildSettings = {
				ALWAYS_SEARCH_USER_PATHS = NO;
				CLANG_ANALYZER_NONNULL = YES;
				CLANG_CXX_LANGUAGE_STANDARD = "gnu++0x";
				CLANG_CXX_LIBRARY = "libc++";
				CLANG_ENABLE_MODULES = YES;
				CLANG_ENABLE_OBJC_ARC = YES;
				CLANG_WARN_BLOCK_CAPTURE_AUTORELEASING = YES;
				CLANG_WARN_BOOL_CONVERSION = YES;
				CLANG_WARN_COMMA = YES;
				CLANG_WARN_CONSTANT_CONVERSION = YES;
				CLANG_WARN_DIRECT_OBJC_ISA_USAGE = YES_ERROR;
				CLANG_WARN_DOCUMENTATION_COMMENTS = YES;
				CLANG_WARN_EMPTY_BODY = YES;
				CLANG_WARN_ENUM_CONVERSION = YES;
				CLANG_WARN_INFINITE_RECURSION = YES;
				CLANG_WARN_INT_CONVERSION = YES;
				CLANG_WARN_NON_LITERAL_NULL_CONVERSION = YES;
				CLANG_WARN_OBJC_LITERAL_CONVERSION = YES;
				CLANG_WARN_OBJC_ROOT_CLASS = YES_ERROR;
				CLANG_WARN_RANGE_LOOP_ANALYSIS = YES;
				CLANG_WARN_STRICT_PROTOTYPES = YES;
				CLANG_WARN_SUSPICIOUS_MOVE = YES;
				CLANG_WARN_SUSPICIOUS_MOVES = YES;
				CLANG_WARN_UNREACHABLE_CODE = YES;
				CLANG_WARN__DUPLICATE_METHOD_MATCH = YES;
				"CODE_SIGN_IDENTITY[sdk=iphoneos*]" = "iPhone Developer";
				COPY_PHASE_STRIP = NO;
				DEBUG_INFORMATION_FORMAT = dwarf;
				ENABLE_STRICT_OBJC_MSGSEND = YES;
				ENABLE_TESTABILITY = YES;
				GCC_C_LANGUAGE_STANDARD = gnu99;
				GCC_DYNAMIC_NO_PIC = NO;
				GCC_NO_COMMON_BLOCKS = YES;
				GCC_OPTIMIZATION_LEVEL = 0;
				GCC_PREPROCESSOR_DEFINITIONS = (
					"DEBUG=1",
					"$(inherited)",
				);
				GCC_WARN_64_TO_32_BIT_CONVERSION = YES;
				GCC_WARN_ABOUT_RETURN_TYPE = YES_ERROR;
				GCC_WARN_UNDECLARED_SELECTOR = YES;
				GCC_WARN_UNINITIALIZED_AUTOS = YES_AGGRESSIVE;
				GCC_WARN_UNUSED_FUNCTION = YES;
				GCC_WARN_UNUSED_VARIABLE = YES;
				IPHONEOS_DEPLOYMENT_TARGET = 10.1;
				MTL_ENABLE_DEBUG_INFO = YES;
				ONLY_ACTIVE_ARCH = YES;
				SDKROOT = iphoneos;
				SWIFT_ACTIVE_COMPILATION_CONDITIONS = UAT;
				SWIFT_OBJC_BRIDGING_HEADER = "SWIFT_OBJC_BRIDGING_HEADER WeBoard-Bridging-Header.h";
				SWIFT_OPTIMIZATION_LEVEL = "-Onone";
				TARGETED_DEVICE_FAMILY = "1,2";
			};
			name = UAT;
		};
		91199CD61E24C50200FAB992 /* UAT */ = {
			isa = XCBuildConfiguration;
			buildSettings = {
				ASSETCATALOG_COMPILER_APPICON_NAME = AppIcon;
				CLANG_ENABLE_MODULES = YES;
				DEVELOPMENT_TEAM = 5E6EZZ7JT4;
				FRAMEWORK_SEARCH_PATHS = (
					"$(inherited)",
					"$(PROJECT_DIR)/Carthage/Build/iOS",
				);
				INFOPLIST_FILE = WeBoard/Info.plist;
				IPHONEOS_DEPLOYMENT_TARGET = 9.0;
				LD_RUNPATH_SEARCH_PATHS = "$(inherited) @executable_path/Frameworks";
				PRODUCT_BUNDLE_IDENTIFIER = come.ssf.testweboard;
				PRODUCT_NAME = "$(TARGET_NAME)";
				SWIFT_ACTIVE_COMPILATION_CONDITIONS = UAT;
				SWIFT_OBJC_BRIDGING_HEADER = "$(SRCROOT)/$(PROJECT_NAME)/$(PROJECT_NAME)-Bridging-Header.h";
				SWIFT_OPTIMIZATION_LEVEL = "-Onone";
				SWIFT_SWIFT3_OBJC_INFERENCE = On;
				SWIFT_VERSION = 4.0;
				TARGETED_DEVICE_FAMILY = "1,2";
			};
			name = UAT;
		};
		91B9EC001DFE51A60058D05B /* Debug */ = {
			isa = XCBuildConfiguration;
			buildSettings = {
				ALWAYS_SEARCH_USER_PATHS = NO;
				CLANG_ANALYZER_NONNULL = YES;
				CLANG_CXX_LANGUAGE_STANDARD = "gnu++0x";
				CLANG_CXX_LIBRARY = "libc++";
				CLANG_ENABLE_MODULES = YES;
				CLANG_ENABLE_OBJC_ARC = YES;
				CLANG_WARN_BLOCK_CAPTURE_AUTORELEASING = YES;
				CLANG_WARN_BOOL_CONVERSION = YES;
				CLANG_WARN_COMMA = YES;
				CLANG_WARN_CONSTANT_CONVERSION = YES;
				CLANG_WARN_DIRECT_OBJC_ISA_USAGE = YES_ERROR;
				CLANG_WARN_DOCUMENTATION_COMMENTS = YES;
				CLANG_WARN_EMPTY_BODY = YES;
				CLANG_WARN_ENUM_CONVERSION = YES;
				CLANG_WARN_INFINITE_RECURSION = YES;
				CLANG_WARN_INT_CONVERSION = YES;
				CLANG_WARN_NON_LITERAL_NULL_CONVERSION = YES;
				CLANG_WARN_OBJC_LITERAL_CONVERSION = YES;
				CLANG_WARN_OBJC_ROOT_CLASS = YES_ERROR;
				CLANG_WARN_RANGE_LOOP_ANALYSIS = YES;
				CLANG_WARN_STRICT_PROTOTYPES = YES;
				CLANG_WARN_SUSPICIOUS_MOVE = YES;
				CLANG_WARN_SUSPICIOUS_MOVES = YES;
				CLANG_WARN_UNREACHABLE_CODE = YES;
				CLANG_WARN__DUPLICATE_METHOD_MATCH = YES;
				"CODE_SIGN_IDENTITY[sdk=iphoneos*]" = "iPhone Developer";
				COPY_PHASE_STRIP = NO;
				DEBUG_INFORMATION_FORMAT = dwarf;
				ENABLE_STRICT_OBJC_MSGSEND = YES;
				ENABLE_TESTABILITY = YES;
				GCC_C_LANGUAGE_STANDARD = gnu99;
				GCC_DYNAMIC_NO_PIC = NO;
				GCC_NO_COMMON_BLOCKS = YES;
				GCC_OPTIMIZATION_LEVEL = 0;
				GCC_PREPROCESSOR_DEFINITIONS = (
					"DEBUG=1",
					"$(inherited)",
				);
				GCC_WARN_64_TO_32_BIT_CONVERSION = YES;
				GCC_WARN_ABOUT_RETURN_TYPE = YES_ERROR;
				GCC_WARN_UNDECLARED_SELECTOR = YES;
				GCC_WARN_UNINITIALIZED_AUTOS = YES_AGGRESSIVE;
				GCC_WARN_UNUSED_FUNCTION = YES;
				GCC_WARN_UNUSED_VARIABLE = YES;
				IPHONEOS_DEPLOYMENT_TARGET = 10.1;
				MTL_ENABLE_DEBUG_INFO = YES;
				ONLY_ACTIVE_ARCH = YES;
				SDKROOT = iphoneos;
				SWIFT_ACTIVE_COMPILATION_CONDITIONS = DEBUG;
				SWIFT_OBJC_BRIDGING_HEADER = "SWIFT_OBJC_BRIDGING_HEADER WeBoard-Bridging-Header.h";
				SWIFT_OPTIMIZATION_LEVEL = "-Onone";
				TARGETED_DEVICE_FAMILY = "1,2";
			};
			name = Debug;
		};
		91B9EC011DFE51A60058D05B /* Release */ = {
			isa = XCBuildConfiguration;
			buildSettings = {
				ALWAYS_SEARCH_USER_PATHS = NO;
				CLANG_ANALYZER_NONNULL = YES;
				CLANG_CXX_LANGUAGE_STANDARD = "gnu++0x";
				CLANG_CXX_LIBRARY = "libc++";
				CLANG_ENABLE_MODULES = YES;
				CLANG_ENABLE_OBJC_ARC = YES;
				CLANG_WARN_BLOCK_CAPTURE_AUTORELEASING = YES;
				CLANG_WARN_BOOL_CONVERSION = YES;
				CLANG_WARN_COMMA = YES;
				CLANG_WARN_CONSTANT_CONVERSION = YES;
				CLANG_WARN_DIRECT_OBJC_ISA_USAGE = YES_ERROR;
				CLANG_WARN_DOCUMENTATION_COMMENTS = YES;
				CLANG_WARN_EMPTY_BODY = YES;
				CLANG_WARN_ENUM_CONVERSION = YES;
				CLANG_WARN_INFINITE_RECURSION = YES;
				CLANG_WARN_INT_CONVERSION = YES;
				CLANG_WARN_NON_LITERAL_NULL_CONVERSION = YES;
				CLANG_WARN_OBJC_LITERAL_CONVERSION = YES;
				CLANG_WARN_OBJC_ROOT_CLASS = YES_ERROR;
				CLANG_WARN_RANGE_LOOP_ANALYSIS = YES;
				CLANG_WARN_STRICT_PROTOTYPES = YES;
				CLANG_WARN_SUSPICIOUS_MOVE = YES;
				CLANG_WARN_SUSPICIOUS_MOVES = YES;
				CLANG_WARN_UNREACHABLE_CODE = YES;
				CLANG_WARN__DUPLICATE_METHOD_MATCH = YES;
				"CODE_SIGN_IDENTITY[sdk=iphoneos*]" = "iPhone Developer";
				COPY_PHASE_STRIP = NO;
				DEBUG_INFORMATION_FORMAT = "dwarf-with-dsym";
				ENABLE_NS_ASSERTIONS = NO;
				ENABLE_STRICT_OBJC_MSGSEND = YES;
				GCC_C_LANGUAGE_STANDARD = gnu99;
				GCC_NO_COMMON_BLOCKS = YES;
				GCC_WARN_64_TO_32_BIT_CONVERSION = YES;
				GCC_WARN_ABOUT_RETURN_TYPE = YES_ERROR;
				GCC_WARN_UNDECLARED_SELECTOR = YES;
				GCC_WARN_UNINITIALIZED_AUTOS = YES_AGGRESSIVE;
				GCC_WARN_UNUSED_FUNCTION = YES;
				GCC_WARN_UNUSED_VARIABLE = YES;
				IPHONEOS_DEPLOYMENT_TARGET = 10.1;
				MTL_ENABLE_DEBUG_INFO = NO;
				SDKROOT = iphoneos;
				SWIFT_ACTIVE_COMPILATION_CONDITIONS = RELEASE;
				SWIFT_OBJC_BRIDGING_HEADER = "SWIFT_OBJC_BRIDGING_HEADER WeBoard-Bridging-Header.h";
				SWIFT_OPTIMIZATION_LEVEL = "-Owholemodule";
				TARGETED_DEVICE_FAMILY = "1,2";
				VALIDATE_PRODUCT = YES;
			};
			name = Release;
		};
		91B9EC031DFE51A60058D05B /* Debug */ = {
			isa = XCBuildConfiguration;
			buildSettings = {
				ASSETCATALOG_COMPILER_APPICON_NAME = AppIcon;
				CLANG_ENABLE_MODULES = YES;
				DEVELOPMENT_TEAM = 5E6EZZ7JT4;
				FRAMEWORK_SEARCH_PATHS = (
					"$(inherited)",
					"$(PROJECT_DIR)/Carthage/Build/iOS",
				);
				INFOPLIST_FILE = WeBoard/Info.plist;
				IPHONEOS_DEPLOYMENT_TARGET = 9.0;
				LD_RUNPATH_SEARCH_PATHS = "$(inherited) @executable_path/Frameworks";
				PRODUCT_BUNDLE_IDENTIFIER = come.ssf.testweboard;
				PRODUCT_NAME = "$(TARGET_NAME)";
				SWIFT_OBJC_BRIDGING_HEADER = "$(SRCROOT)/$(PROJECT_NAME)/$(PROJECT_NAME)-Bridging-Header.h";
				SWIFT_OPTIMIZATION_LEVEL = "-Onone";
				SWIFT_SWIFT3_OBJC_INFERENCE = On;
				SWIFT_VERSION = 4.0;
				TARGETED_DEVICE_FAMILY = "1,2";
			};
			name = Debug;
		};
		91B9EC041DFE51A60058D05B /* Release */ = {
			isa = XCBuildConfiguration;
			buildSettings = {
				ASSETCATALOG_COMPILER_APPICON_NAME = AppIcon;
				CLANG_ENABLE_MODULES = YES;
				DEVELOPMENT_TEAM = 5E6EZZ7JT4;
				FRAMEWORK_SEARCH_PATHS = (
					"$(inherited)",
					"$(PROJECT_DIR)/Carthage/Build/iOS",
				);
				INFOPLIST_FILE = WeBoard/Info.plist;
				IPHONEOS_DEPLOYMENT_TARGET = 9.0;
				LD_RUNPATH_SEARCH_PATHS = "$(inherited) @executable_path/Frameworks";
				PRODUCT_BUNDLE_IDENTIFIER = come.ssf.testweboard;
				PRODUCT_NAME = "$(TARGET_NAME)";
				SWIFT_OBJC_BRIDGING_HEADER = "$(SRCROOT)/$(PROJECT_NAME)/$(PROJECT_NAME)-Bridging-Header.h";
				SWIFT_SWIFT3_OBJC_INFERENCE = On;
				SWIFT_VERSION = 4.0;
				TARGETED_DEVICE_FAMILY = "1,2";
			};
			name = Release;
		};
/* End XCBuildConfiguration section */

/* Begin XCConfigurationList section */
		91B9EBEB1DFE51A60058D05B /* Build configuration list for PBXProject "WeBoard" */ = {
			isa = XCConfigurationList;
			buildConfigurations = (
				91B9EC001DFE51A60058D05B /* Debug */,
				91199CD51E24C50200FAB992 /* UAT */,
				91B9EC011DFE51A60058D05B /* Release */,
			);
			defaultConfigurationIsVisible = 0;
			defaultConfigurationName = Release;
		};
		91B9EC021DFE51A60058D05B /* Build configuration list for PBXNativeTarget "WeBoard" */ = {
			isa = XCConfigurationList;
			buildConfigurations = (
				91B9EC031DFE51A60058D05B /* Debug */,
				91199CD61E24C50200FAB992 /* UAT */,
				91B9EC041DFE51A60058D05B /* Release */,
			);
			defaultConfigurationIsVisible = 0;
			defaultConfigurationName = Release;
		};
/* End XCConfigurationList section */
	};
	rootObject = 91B9EBE81DFE51A60058D05B /* Project object */;
}
